{
  "nodes": {
    "flake-utils": {
      "inputs": {
        "systems": "systems"
      },
      "locked": {
        "lastModified": 1701680307,
        "narHash": "sha256-kAuep2h5ajznlPMD9rnQyffWG8EM/C73lejGofXvdM8=",
        "owner": "numtide",
        "repo": "flake-utils",
        "rev": "4022d587cbbfd70fe950c1e2083a02621806a725",
        "type": "github"
      },
      "original": {
        "id": "flake-utils",
        "type": "indirect"
      }
    },
    "nixpkgs": {
      "locked": {
        "lastModified": 1683908138,
        "narHash": "sha256-4H4qprXKofdElFp/eBiQl3msVHUniLX7g0nZsTADNzU=",
        "owner": "nixos",
        "repo": "nixpkgs",
        "rev": "a9d8cb2c16b2f95a876dae825d16cdb9e4e253ad",
        "type": "github"
      },
      "original": {
        "owner": "nixos",
        "repo": "nixpkgs",
        "type": "github"
      }
    },
    "pelicanTheme": {
      "flake": false,
      "locked": {
        "lastModified": 1683910950,
        "narHash": "sha256-TyXqBk1fGuqv21k+HxcstK4c63jgkQuVioAOzPJ/RS8=",
        "owner": "thesola10",
        "repo": "pelicantheme",
        "rev": "a20edbe612e738071ccf3b5a65c418be2a284a2d",
        "type": "github"
      },
      "original": {
        "owner": "thesola10",
        "repo": "pelicantheme",
        "type": "github"
      }
    },
    "root": {
      "inputs": {
        "flake-utils": "flake-utils",
        "nixpkgs": "nixpkgs",
        "pelicanTheme": "pelicanTheme"
      }
    },
    "systems": {
      "locked": {
        "lastModified": 1681028828,
        "narHash": "sha256-Vy1rq5AaRuLzOxct8nz4T6wlgyUR7zLU309k9mBC768=",
        "owner": "nix-systems",
        "repo": "default",
        "rev": "da67096a3b9bf56a91d16901293e51ba5b49a27e",
        "type": "github"
      },
      "original": {
        "owner": "nix-systems",
        "repo": "default",
        "type": "github"
      }
    }
  },
  "root": "root",
  "version": 7
}
